Microsoft Visual Studio Solution File, Format Version 12.00
# Visual Studio 2012
Project("{FAE04EC0-301F-11D3-BF4B-00C04F79EFBC}") = "Assignment1", "Assignment1.csproj", "{3FF9F081-2388-4DEB-BFE7-5F08402EDB06}"
EndProject
Global
	GlobalSection(SolutionConfigurationPlatforms) = preSolution
	Debug|Any CPU = Debug|Any CPU
	Release|Any CPU = Release|Any CPU
	Tools|Any CPU = Tools|Any CPU
	EndGlobalSection
	GlobalSection(ProjectConfigurationPlatforms) = postSolution
		{3FF9F081-2388-4DEB-BFE7-5F08402EDB06}.Debug|Any CPU.ActiveCfg = Debug|Any CPU
		{3FF9F081-2388-4DEB-BFE7-5F08402EDB06}.Debug|Any CPU.Build.0 = Debug|Any CPU
		{3FF9F081-2388-4DEB-BFE7-5F08402EDB06}.Release|Any CPU.ActiveCfg = Release|Any CPU
		{3FF9F081-2388-4DEB-BFE7-5F08402EDB06}.Release|Any CPU.Build.0 = Release|Any CPU
		{3FF9F081-2388-4DEB-BFE7-5F08402EDB06}.Tools|Any CPU.ActiveCfg = Tools|Any CPU
		{3FF9F081-2388-4DEB-BFE7-5F08402EDB06}.Tools|Any CPU.Build.0 = Tools|Any CPU
	EndGlobalSection
EndGlobal
