Microsoft Visual Studio Solution File, Format Version 12.00
# Visual Studio 2012
Project("{FAE04EC0-301F-11D3-BF4B-00C04F79EFBC}") = "assignment3", "assignment3.csproj", "{88D1A38E-695C-4B79-A591-75921607B43A}"
EndProject
Global
	GlobalSection(SolutionConfigurationPlatforms) = preSolution
	Debug|Any CPU = Debug|Any CPU
	Release|Any CPU = Release|Any CPU
	Tools|Any CPU = Tools|Any CPU
	EndGlobalSection
	GlobalSection(ProjectConfigurationPlatforms) = postSolution
		{88D1A38E-695C-4B79-A591-75921607B43A}.Debug|Any CPU.ActiveCfg = Debug|Any CPU
		{88D1A38E-695C-4B79-A591-75921607B43A}.Debug|Any CPU.Build.0 = Debug|Any CPU
		{88D1A38E-695C-4B79-A591-75921607B43A}.Release|Any CPU.ActiveCfg = Release|Any CPU
		{88D1A38E-695C-4B79-A591-75921607B43A}.Release|Any CPU.Build.0 = Release|Any CPU
		{88D1A38E-695C-4B79-A591-75921607B43A}.Tools|Any CPU.ActiveCfg = Tools|Any CPU
		{88D1A38E-695C-4B79-A591-75921607B43A}.Tools|Any CPU.Build.0 = Tools|Any CPU
	EndGlobalSection
EndGlobal
